
Microsoft Visual Studio Solution File, Format Version 12.00
# Visual Studio Version 17
VisualStudioVersion = 17.1.32328.378
MinimumVisualStudioVersion = 10.0.40219.1
Project("{FAE04EC0-301F-11D3-BF4B-00C04F79EFBC}") = "PR_3_Lamaev", "PR_3_Lamaev\PR_3_Lamaev.csproj", "{6B6C683A-1418-4A82-BB41-82FC193455FA}"
EndProject
Global
	GlobalSection(SolutionConfigurationPlatforms) = preSolution
		Debug|Any CPU = Debug|Any CPU
		Release|Any CPU = Release|Any CPU
	EndGlobalSection
	GlobalSection(ProjectConfigurationPlatforms) = postSolution
		{6B6C683A-1418-4A82-BB41-82FC193455FA}.Debug|Any CPU.ActiveCfg = Debug|Any CPU
		{6B6C683A-1418-4A82-BB41-82FC193455FA}.Debug|Any CPU.Build.0 = Debug|Any CPU
		{6B6C683A-1418-4A82-BB41-82FC193455FA}.Release|Any CPU.ActiveCfg = Release|Any CPU
		{6B6C683A-1418-4A82-BB41-82FC193455FA}.Release|Any CPU.Build.0 = Release|Any CPU
	EndGlobalSection
	GlobalSection(SolutionProperties) = preSolution
		HideSolutionNode = FALSE
	EndGlobalSection
	GlobalSection(ExtensibilityGlobals) = postSolution
		SolutionGuid = {4BDE7698-0C00-46D5-86F1-FCB9ABF33A74}
	EndGlobalSection
EndGlobal
